# This file is automatically @generated by Cargo.
# It is not intended for manual editing.
[[package]]
name = "magnetic-monopole"
version = "0.2.0"
dependencies = [
 "mathrs",
]

[[package]]
name = "mathrs"
version = "0.0.6"
source = "registry+https://github.com/rust-lang/crates.io-index"
checksum = "ac8f1a373e30ced9f218c47d7769ddfd5c107e278cc77af302f923e037711b7a"
